
Microsoft Visual Studio Solution File, Format Version 12.00
# Visual Studio Version 17
VisualStudioVersion = 17.14.36518.9 d17.14
MinimumVisualStudioVersion = 10.0.40219.1
Project("{FAE04EC0-301F-11D3-BF4B-00C04F79EFBC}") = "HolaMundo", "HolaMundo\HolaMundo.csproj", "{1E327B1B-40B5-4E91-A8A4-5C5260220D3B}"
EndProject
Global
	GlobalSection(SolutionConfigurationPlatforms) = preSolution
		Debug|Any CPU = Debug|Any CPU
		Release|Any CPU = Release|Any CPU
	EndGlobalSection
	GlobalSection(ProjectConfigurationPlatforms) = postSolution
		{1E327B1B-40B5-4E91-A8A4-5C5260220D3B}.Debug|Any CPU.ActiveCfg = Debug|Any CPU
		{1E327B1B-40B5-4E91-A8A4-5C5260220D3B}.Debug|Any CPU.Build.0 = Debug|Any CPU
		{1E327B1B-40B5-4E91-A8A4-5C5260220D3B}.Release|Any CPU.ActiveCfg = Release|Any CPU
		{1E327B1B-40B5-4E91-A8A4-5C5260220D3B}.Release|Any CPU.Build.0 = Release|Any CPU
	EndGlobalSection
	GlobalSection(SolutionProperties) = preSolution
		HideSolutionNode = FALSE
	EndGlobalSection
	GlobalSection(ExtensibilityGlobals) = postSolution
		SolutionGuid = {D752DF87-9839-4B47-8ACB-30E6CB294387}
	EndGlobalSection
EndGlobal
