
Microsoft Visual Studio Solution File, Format Version 12.00
# Visual Studio Version 17
VisualStudioVersion = 17.14.36603.0 d17.14
MinimumVisualStudioVersion = 10.0.40219.1
Project("{FAE04EC0-301F-11D3-BF4B-00C04F79EFBC}") = "Ejercicio3", "Ejercicio3\Ejercicio3.csproj", "{0A38A6BD-ECAC-4932-B2C0-E7D602E88A88}"
EndProject
Global
	GlobalSection(SolutionConfigurationPlatforms) = preSolution
		Debug|Any CPU = Debug|Any CPU
		Release|Any CPU = Release|Any CPU
	EndGlobalSection
	GlobalSection(ProjectConfigurationPlatforms) = postSolution
		{0A38A6BD-ECAC-4932-B2C0-E7D602E88A88}.Debug|Any CPU.ActiveCfg = Debug|Any CPU
		{0A38A6BD-ECAC-4932-B2C0-E7D602E88A88}.Debug|Any CPU.Build.0 = Debug|Any CPU
		{0A38A6BD-ECAC-4932-B2C0-E7D602E88A88}.Release|Any CPU.ActiveCfg = Release|Any CPU
		{0A38A6BD-ECAC-4932-B2C0-E7D602E88A88}.Release|Any CPU.Build.0 = Release|Any CPU
	EndGlobalSection
	GlobalSection(SolutionProperties) = preSolution
		HideSolutionNode = FALSE
	EndGlobalSection
	GlobalSection(ExtensibilityGlobals) = postSolution
		SolutionGuid = {731DA713-36D3-4EB6-8D5C-15C0050D001F}
	EndGlobalSection
EndGlobal
