
Microsoft Visual Studio Solution File, Format Version 12.00
# Visual Studio Version 17
VisualStudioVersion = 17.14.36705.20 d17.14
MinimumVisualStudioVersion = 10.0.40219.1
Project("{FAE04EC0-301F-11D3-BF4B-00C04F79EFBC}") = "Domain", "..\..\Unidad 5\ListadoPersonasSol\Domain\Domain.csproj", "{85E6D521-31E1-3787-836D-320A7D6B7A9F}"
EndProject
Project("{FAE04EC0-301F-11D3-BF4B-00C04F79EFBC}") = "Data", "..\..\Unidad 5\ListadoPersonasSol\Data\Data.csproj", "{B1B2CA1D-EE74-77FA-0155-4112E1D89246}"
EndProject
Project("{FAE04EC0-301F-11D3-BF4B-00C04F79EFBC}") = "CompositionRoot", "..\..\Unidad 5\ListadoPersonasSol\CompositionRoot\CompositionRoot.csproj", "{A6345232-98C3-330F-082A-46CC3A781E77}"
EndProject
Project("{FAE04EC0-301F-11D3-BF4B-00C04F79EFBC}") = "UI", "..\..\Unidad 5\ListadoPersonasSol\UI\UI.csproj", "{2563246F-8BEC-88DA-E617-209F8024FBFC}"
EndProject
Global
	GlobalSection(SolutionConfigurationPlatforms) = preSolution
		Debug|Any CPU = Debug|Any CPU
		Release|Any CPU = Release|Any CPU
	EndGlobalSection
	GlobalSection(ProjectConfigurationPlatforms) = postSolution
		{85E6D521-31E1-3787-836D-320A7D6B7A9F}.Debug|Any CPU.ActiveCfg = Debug|Any CPU
		{85E6D521-31E1-3787-836D-320A7D6B7A9F}.Debug|Any CPU.Build.0 = Debug|Any CPU
		{85E6D521-31E1-3787-836D-320A7D6B7A9F}.Release|Any CPU.ActiveCfg = Release|Any CPU
		{85E6D521-31E1-3787-836D-320A7D6B7A9F}.Release|Any CPU.Build.0 = Release|Any CPU
		{B1B2CA1D-EE74-77FA-0155-4112E1D89246}.Debug|Any CPU.ActiveCfg = Debug|Any CPU
		{B1B2CA1D-EE74-77FA-0155-4112E1D89246}.Debug|Any CPU.Build.0 = Debug|Any CPU
		{B1B2CA1D-EE74-77FA-0155-4112E1D89246}.Release|Any CPU.ActiveCfg = Release|Any CPU
		{B1B2CA1D-EE74-77FA-0155-4112E1D89246}.Release|Any CPU.Build.0 = Release|Any CPU
		{A6345232-98C3-330F-082A-46CC3A781E77}.Debug|Any CPU.ActiveCfg = Debug|Any CPU
		{A6345232-98C3-330F-082A-46CC3A781E77}.Debug|Any CPU.Build.0 = Debug|Any CPU
		{A6345232-98C3-330F-082A-46CC3A781E77}.Release|Any CPU.ActiveCfg = Release|Any CPU
		{A6345232-98C3-330F-082A-46CC3A781E77}.Release|Any CPU.Build.0 = Release|Any CPU
		{2563246F-8BEC-88DA-E617-209F8024FBFC}.Debug|Any CPU.ActiveCfg = Debug|Any CPU
		{2563246F-8BEC-88DA-E617-209F8024FBFC}.Debug|Any CPU.Build.0 = Debug|Any CPU
		{2563246F-8BEC-88DA-E617-209F8024FBFC}.Release|Any CPU.ActiveCfg = Release|Any CPU
		{2563246F-8BEC-88DA-E617-209F8024FBFC}.Release|Any CPU.Build.0 = Release|Any CPU
	EndGlobalSection
	GlobalSection(SolutionProperties) = preSolution
		HideSolutionNode = FALSE
	EndGlobalSection
	GlobalSection(ExtensibilityGlobals) = postSolution
		SolutionGuid = {CFAB2F75-7AFD-4ECC-9EFA-AF8EA42B55A9}
	EndGlobalSection
EndGlobal
