
Microsoft Visual Studio Solution File, Format Version 12.00
# Visual Studio Version 17
VisualStudioVersion = 17.14.36603.0 d17.14
MinimumVisualStudioVersion = 10.0.40219.1
Project("{FAE04EC0-301F-11D3-BF4B-00C04F79EFBC}") = "Mandalorian", "Mandalorian\Mandalorian.csproj", "{47C3A939-2C7B-431E-B8B7-5D7E6DB644D4}"
EndProject
Project("{FAE04EC0-301F-11D3-BF4B-00C04F79EFBC}") = "Data", "Data\Data.csproj", "{9185299B-CE49-422E-AB30-9887958BC197}"
EndProject
Project("{FAE04EC0-301F-11D3-BF4B-00C04F79EFBC}") = "Domain", "Domain\Domain.csproj", "{637613C6-14D9-4E09-90A9-065277D03DF4}"
EndProject
Global
	GlobalSection(SolutionConfigurationPlatforms) = preSolution
		Debug|Any CPU = Debug|Any CPU
		Release|Any CPU = Release|Any CPU
	EndGlobalSection
	GlobalSection(ProjectConfigurationPlatforms) = postSolution
		{47C3A939-2C7B-431E-B8B7-5D7E6DB644D4}.Debug|Any CPU.ActiveCfg = Debug|Any CPU
		{47C3A939-2C7B-431E-B8B7-5D7E6DB644D4}.Debug|Any CPU.Build.0 = Debug|Any CPU
		{47C3A939-2C7B-431E-B8B7-5D7E6DB644D4}.Release|Any CPU.ActiveCfg = Release|Any CPU
		{47C3A939-2C7B-431E-B8B7-5D7E6DB644D4}.Release|Any CPU.Build.0 = Release|Any CPU
		{9185299B-CE49-422E-AB30-9887958BC197}.Debug|Any CPU.ActiveCfg = Debug|Any CPU
		{9185299B-CE49-422E-AB30-9887958BC197}.Debug|Any CPU.Build.0 = Debug|Any CPU
		{9185299B-CE49-422E-AB30-9887958BC197}.Release|Any CPU.ActiveCfg = Release|Any CPU
		{9185299B-CE49-422E-AB30-9887958BC197}.Release|Any CPU.Build.0 = Release|Any CPU
		{637613C6-14D9-4E09-90A9-065277D03DF4}.Debug|Any CPU.ActiveCfg = Debug|Any CPU
		{637613C6-14D9-4E09-90A9-065277D03DF4}.Debug|Any CPU.Build.0 = Debug|Any CPU
		{637613C6-14D9-4E09-90A9-065277D03DF4}.Release|Any CPU.ActiveCfg = Release|Any CPU
		{637613C6-14D9-4E09-90A9-065277D03DF4}.Release|Any CPU.Build.0 = Release|Any CPU
	EndGlobalSection
	GlobalSection(SolutionProperties) = preSolution
		HideSolutionNode = FALSE
	EndGlobalSection
	GlobalSection(ExtensibilityGlobals) = postSolution
		SolutionGuid = {194E3380-0F2F-4070-9122-8EB0F20D096B}
	EndGlobalSection
EndGlobal
